
Microsoft Visual Studio Solution File, Format Version 12.00
# Visual Studio 15
VisualStudioVersion = 15.0.27130.2010
MinimumVisualStudioVersion = 10.0.40219.1
Project("{9A19103F-16F7-4668-BE54-9A1E7A4F7556}") = "Distributed.Services", "Intertek.Osinergmin.Servicios\Distributed.Services.csproj", "{0ACB9405-15BB-4FA4-AB72-BB4541851427}"
EndProject
Project("{2150E333-8FDC-42A3-9474-1A3956D46DE8}") = "1.4-Domain", "1.4-Domain", "{F2D2CA54-083A-4231-9A6F-FEE1E6C017FE}"
EndProject
Project("{2150E333-8FDC-42A3-9474-1A3956D46DE8}") = "1.2-Distributed Services", "1.2-Distributed Services", "{9BD323DD-96A1-4DAA-A918-64978E3A08B3}"
EndProject
Project("{2150E333-8FDC-42A3-9474-1A3956D46DE8}") = "1.3-Application", "1.3-Application", "{2C76E99E-4FD1-42F7-8C0A-5BE789593BD6}"
EndProject
Project("{2150E333-8FDC-42A3-9474-1A3956D46DE8}") = "1.5-Infraestructure", "1.5-Infraestructure", "{08FAF022-47C5-42C3-8053-69AAA627B983}"
EndProject
Project("{2150E333-8FDC-42A3-9474-1A3956D46DE8}") = "1-Layers", "1-Layers", "{D6EE0731-C84D-468D-8952-7ECB274F4813}"
EndProject
Project("{2150E333-8FDC-42A3-9474-1A3956D46DE8}") = "1.1 Presentation", "1.1 Presentation", "{9C1E947B-4A9B-418F-8A8F-2F66A3FC6772}"
EndProject
Project("{9A19103F-16F7-4668-BE54-9A1E7A4F7556}") = "Domain.MainModule", "Domain.MainModule\Domain.MainModule.csproj", "{B1EC1915-354F-4A68-BE38-9B9ADF7973FB}"
EndProject
Project("{2150E333-8FDC-42A3-9474-1A3956D46DE8}") = "1.5.1-Data", "1.5.1-Data", "{2EF1A55F-DE71-451D-A5AB-AD7CE3F84736}"
EndProject
Project("{9A19103F-16F7-4668-BE54-9A1E7A4F7556}") = "Infraestructura.Data.MainModule", "Infraestructura.Data.MainModule\Infraestructura.Data.MainModule.csproj", "{F5796270-D995-4A18-86E9-315230656D11}"
EndProject
Project("{9A19103F-16F7-4668-BE54-9A1E7A4F7556}") = "Application.MainModule", "Application.MainModule\Application.MainModule.csproj", "{5F4B7C77-23D4-4CDA-9590-4019537ED91C}"
EndProject
Project("{9A19103F-16F7-4668-BE54-9A1E7A4F7556}") = "Application.Dto", "Application.Dto\Application.Dto.csproj", "{B919CD27-FD8A-479A-9BE0-9333E9063E28}"
EndProject
Global
	GlobalSection(SolutionConfigurationPlatforms) = preSolution
		Debug|Any CPU = Debug|Any CPU
		Release|Any CPU = Release|Any CPU
	EndGlobalSection
	GlobalSection(ProjectConfigurationPlatforms) = postSolution
		{0ACB9405-15BB-4FA4-AB72-BB4541851427}.Debug|Any CPU.ActiveCfg = Debug|Any CPU
		{0ACB9405-15BB-4FA4-AB72-BB4541851427}.Debug|Any CPU.Build.0 = Debug|Any CPU
		{0ACB9405-15BB-4FA4-AB72-BB4541851427}.Release|Any CPU.ActiveCfg = Release|Any CPU
		{0ACB9405-15BB-4FA4-AB72-BB4541851427}.Release|Any CPU.Build.0 = Release|Any CPU
		{B1EC1915-354F-4A68-BE38-9B9ADF7973FB}.Debug|Any CPU.ActiveCfg = Debug|Any CPU
		{B1EC1915-354F-4A68-BE38-9B9ADF7973FB}.Debug|Any CPU.Build.0 = Debug|Any CPU
		{B1EC1915-354F-4A68-BE38-9B9ADF7973FB}.Release|Any CPU.ActiveCfg = Release|Any CPU
		{B1EC1915-354F-4A68-BE38-9B9ADF7973FB}.Release|Any CPU.Build.0 = Release|Any CPU
		{F5796270-D995-4A18-86E9-315230656D11}.Debug|Any CPU.ActiveCfg = Debug|Any CPU
		{F5796270-D995-4A18-86E9-315230656D11}.Debug|Any CPU.Build.0 = Debug|Any CPU
		{F5796270-D995-4A18-86E9-315230656D11}.Release|Any CPU.ActiveCfg = Release|Any CPU
		{F5796270-D995-4A18-86E9-315230656D11}.Release|Any CPU.Build.0 = Release|Any CPU
		{5F4B7C77-23D4-4CDA-9590-4019537ED91C}.Debug|Any CPU.ActiveCfg = Debug|Any CPU
		{5F4B7C77-23D4-4CDA-9590-4019537ED91C}.Debug|Any CPU.Build.0 = Debug|Any CPU
		{5F4B7C77-23D4-4CDA-9590-4019537ED91C}.Release|Any CPU.ActiveCfg = Release|Any CPU
		{5F4B7C77-23D4-4CDA-9590-4019537ED91C}.Release|Any CPU.Build.0 = Release|Any CPU
		{B919CD27-FD8A-479A-9BE0-9333E9063E28}.Debug|Any CPU.ActiveCfg = Debug|Any CPU
		{B919CD27-FD8A-479A-9BE0-9333E9063E28}.Debug|Any CPU.Build.0 = Debug|Any CPU
		{B919CD27-FD8A-479A-9BE0-9333E9063E28}.Release|Any CPU.ActiveCfg = Release|Any CPU
		{B919CD27-FD8A-479A-9BE0-9333E9063E28}.Release|Any CPU.Build.0 = Release|Any CPU
	EndGlobalSection
	GlobalSection(SolutionProperties) = preSolution
		HideSolutionNode = FALSE
	EndGlobalSection
	GlobalSection(NestedProjects) = preSolution
		{0ACB9405-15BB-4FA4-AB72-BB4541851427} = {9BD323DD-96A1-4DAA-A918-64978E3A08B3}
		{F2D2CA54-083A-4231-9A6F-FEE1E6C017FE} = {D6EE0731-C84D-468D-8952-7ECB274F4813}
		{9BD323DD-96A1-4DAA-A918-64978E3A08B3} = {D6EE0731-C84D-468D-8952-7ECB274F4813}
		{2C76E99E-4FD1-42F7-8C0A-5BE789593BD6} = {D6EE0731-C84D-468D-8952-7ECB274F4813}
		{08FAF022-47C5-42C3-8053-69AAA627B983} = {D6EE0731-C84D-468D-8952-7ECB274F4813}
		{9C1E947B-4A9B-418F-8A8F-2F66A3FC6772} = {D6EE0731-C84D-468D-8952-7ECB274F4813}
		{B1EC1915-354F-4A68-BE38-9B9ADF7973FB} = {F2D2CA54-083A-4231-9A6F-FEE1E6C017FE}
		{2EF1A55F-DE71-451D-A5AB-AD7CE3F84736} = {08FAF022-47C5-42C3-8053-69AAA627B983}
		{F5796270-D995-4A18-86E9-315230656D11} = {2EF1A55F-DE71-451D-A5AB-AD7CE3F84736}
		{5F4B7C77-23D4-4CDA-9590-4019537ED91C} = {2C76E99E-4FD1-42F7-8C0A-5BE789593BD6}
		{B919CD27-FD8A-479A-9BE0-9333E9063E28} = {2C76E99E-4FD1-42F7-8C0A-5BE789593BD6}
	EndGlobalSection
	GlobalSection(ExtensibilityGlobals) = postSolution
		SolutionGuid = {8B92CEAA-2F93-473F-9D0A-13475931490E}
	EndGlobalSection
EndGlobal
